
Microsoft Visual Studio Solution File, Format Version 12.00
# Visual Studio Version 17
VisualStudioVersion = 17.0.31912.275
MinimumVisualStudioVersion = 10.0.40219.1
Project("{FAE04EC0-301F-11D3-BF4B-00C04F79EFBC}") = "AddresBook_new", "AddresBook_new\AddresBook_new.csproj", "{21C9E1F3-13C2-4347-885B-3B7A8939AC5A}"
EndProject
Global
	GlobalSection(SolutionConfigurationPlatforms) = preSolution
		Debug|Any CPU = Debug|Any CPU
		Release|Any CPU = Release|Any CPU
	EndGlobalSection
	GlobalSection(ProjectConfigurationPlatforms) = postSolution
		{21C9E1F3-13C2-4347-885B-3B7A8939AC5A}.Debug|Any CPU.ActiveCfg = Debug|Any CPU
		{21C9E1F3-13C2-4347-885B-3B7A8939AC5A}.Debug|Any CPU.Build.0 = Debug|Any CPU
		{21C9E1F3-13C2-4347-885B-3B7A8939AC5A}.Release|Any CPU.ActiveCfg = Release|Any CPU
		{21C9E1F3-13C2-4347-885B-3B7A8939AC5A}.Release|Any CPU.Build.0 = Release|Any CPU
	EndGlobalSection
	GlobalSection(SolutionProperties) = preSolution
		HideSolutionNode = FALSE
	EndGlobalSection
	GlobalSection(ExtensibilityGlobals) = postSolution
		SolutionGuid = {83867195-98A1-4142-B62B-926900E75FDC}
	EndGlobalSection
EndGlobal
